<?xml version="1.0" encoding="utf-8"?>
<Project ToolsVersion="4.0" xmlns="http://schemas.microsoft.com/developer/msbuild/2003">
  <ItemGroup>
    <Filter Include="ソース ファイル">
      <UniqueIdentifier>{4FC737F1-C7A5-4376-A066-2A32D752A2FF}</UniqueIdentifier>
      <Extensions>cpp;c;cc;cxx;c++;cppm;ixx;def;odl;idl;hpj;bat;asm;asmx</Extensions>
    </Filter>
    <Filter Include="ヘッダー ファイル">
      <UniqueIdentifier>{93995380-89BD-4b04-88EB-625FBE52EBFB}</UniqueIdentifier>
      <Extensions>h;hh;hpp;hxx;h++;hm;inl;inc;ipp;xsd</Extensions>
    </Filter>
    <Filter Include="リソース ファイル">
      <UniqueIdentifier>{67DA6AB6-F800-4c08-8B7A-83BB121AAD01}</UniqueIdentifier>
      <Extensions>rc;ico;cur;bmp;dlg;rc2;rct;bin;rgs;gif;jpg;jpeg;jpe;resx;tiff;tif;png;wav;mfcribbon-ms</Extensions>
    </Filter>
    <Filter Include="Main">
      <UniqueIdentifier>{fbf1d06f-96a8-458c-8b3b-f55accfea915}</UniqueIdentifier>
    </Filter>
    <Filter Include="General">
      <UniqueIdentifier>{2e9126ca-f3e8-46c1-87b4-a8dfc757db90}</UniqueIdentifier>
    </Filter>
    <Filter Include="Scenes">
      <UniqueIdentifier>{985d3858-c676-41da-9ef2-1f1ff7a2a717}</UniqueIdentifier>
    </Filter>
    <Filter Include="Scenes\Scenes">
      <UniqueIdentifier>{93a3d49b-8d30-422c-a2fe-8fa41a81dd05}</UniqueIdentifier>
    </Filter>
    <Filter Include="GameObjects">
      <UniqueIdentifier>{232ff1fc-fc3a-4d5f-ace8-a0ed753b121b}</UniqueIdentifier>
    </Filter>
    <Filter Include="GameObjects\Enemy">
      <UniqueIdentifier>{1d7d426a-efce-4609-9e1e-a2127933fef3}</UniqueIdentifier>
    </Filter>
    <Filter Include="GameObjects\Player">
      <UniqueIdentifier>{a81d5610-2025-4231-90fd-203f7f9c043f}</UniqueIdentifier>
    </Filter>
    <Filter Include="GameObjects\Bullet">
      <UniqueIdentifier>{cd98a3d8-1bf7-4856-b68b-1ecd515f9711}</UniqueIdentifier>
    </Filter>
    <Filter Include="GameObjects\Object">
      <UniqueIdentifier>{10c213fb-3c48-4f23-82c8-05ebf5f2d260}</UniqueIdentifier>
    </Filter>
  </ItemGroup>
  <ItemGroup>
    <ClCompile Include="Application.cpp">
      <Filter>Main</Filter>
    </ClCompile>
    <ClCompile Include="main.cpp">
      <Filter>Main</Filter>
    </ClCompile>
    <ClCompile Include="Geometry.cpp">
      <Filter>General</Filter>
    </ClCompile>
    <ClCompile Include="Fade.cpp">
      <Filter>General</Filter>
    </ClCompile>
    <ClCompile Include="Input.cpp">
      <Filter>General</Filter>
    </ClCompile>
    <ClCompile Include="Rect.cpp">
      <Filter>General</Filter>
    </ClCompile>
    <ClCompile Include="StringFunctions.cpp">
      <Filter>General</Filter>
    </ClCompile>
    <ClCompile Include="GameScene.cpp">
      <Filter>Scenes</Filter>
    </ClCompile>
    <ClCompile Include="Scene.cpp">
      <Filter>Scenes</Filter>
    </ClCompile>
    <ClCompile Include="SceneController.cpp">
      <Filter>Scenes</Filter>
    </ClCompile>
    <ClCompile Include="TitleScene.cpp">
      <Filter>Scenes</Filter>
    </ClCompile>
    <ClCompile Include="EnemyBase.cpp">
      <Filter>GameObjects\Enemy</Filter>
    </ClCompile>
    <ClCompile Include="Player.cpp">
      <Filter>GameObjects\Player</Filter>
    </ClCompile>
    <ClCompile Include="PlayerBullet.cpp">
      <Filter>GameObjects\Bullet</Filter>
    </ClCompile>
    <ClCompile Include="ChargeShotBoss.cpp">
      <Filter>GameObjects\Enemy</Filter>
    </ClCompile>
    <ClCompile Include="EnemyBullet.cpp">
      <Filter>GameObjects\Bullet</Filter>
    </ClCompile>
    <ClCompile Include="Bullet.cpp">
      <Filter>GameObjects\Bullet</Filter>
    </ClCompile>
    <ClCompile Include="Object.cpp">
      <Filter>GameObjects\Object</Filter>
    </ClCompile>
  </ItemGroup>
  <ItemGroup>
    <ClInclude Include="Application.h">
      <Filter>Main</Filter>
    </ClInclude>
    <ClInclude Include="Fade.h">
      <Filter>General</Filter>
    </ClInclude>
    <ClInclude Include="GameConstants.h">
      <Filter>General</Filter>
    </ClInclude>
    <ClInclude Include="Geometry.h">
      <Filter>General</Filter>
    </ClInclude>
    <ClInclude Include="Input.h">
      <Filter>General</Filter>
    </ClInclude>
    <ClInclude Include="Rect.h">
      <Filter>General</Filter>
    </ClInclude>
    <ClInclude Include="StringFunctions.h">
      <Filter>General</Filter>
    </ClInclude>
    <ClInclude Include="GameScene.h">
      <Filter>Scenes</Filter>
    </ClInclude>
    <ClInclude Include="Scene.h">
      <Filter>Scenes</Filter>
    </ClInclude>
    <ClInclude Include="SceneController.h">
      <Filter>Scenes</Filter>
    </ClInclude>
    <ClInclude Include="TitleScene.h">
      <Filter>Scenes</Filter>
    </ClInclude>
    <ClInclude Include="EnemyBase.h">
      <Filter>GameObjects\Enemy</Filter>
    </ClInclude>
    <ClInclude Include="Player.h">
      <Filter>GameObjects\Player</Filter>
    </ClInclude>
    <ClInclude Include="PlayerBullet.h">
      <Filter>GameObjects\Bullet</Filter>
    </ClInclude>
    <ClInclude Include="ChargeShotBoss.h">
      <Filter>GameObjects\Enemy</Filter>
    </ClInclude>
    <ClInclude Include="EnemyBullet.h">
      <Filter>GameObjects\Bullet</Filter>
    </ClInclude>
    <ClInclude Include="Bullet.h">
      <Filter>GameObjects\Bullet</Filter>
    </ClInclude>
    <ClInclude Include="Object.h">
      <Filter>GameObjects\Object</Filter>
    </ClInclude>
  </ItemGroup>
</Project>